{
  "version": 4,
  "terraform_version": "1.15.5",
  "serial": 30,
  "lineage": "442f6642-6b22-5620-4b29-9dcd95530d95",
  "outputs": {
    "catalog_name": {
      "value": "ecommerce",
      "type": "string"
    },
    "raw_volume_name": {
      "value": "raw_data",
      "type": "string"
    },
    "raw_volume_path": {
      "value": "/Volumes/ecommerce/bronze/raw_data",
      "type": "string"
    },
    "schemas": {
      "value": {
        "bronze": "bronze",
        "gold": "gold",
        "silver": "silver"
      },
      "type": [
        "object",
        {
          "bronze": "string",
          "gold": "string",
          "silver": "string"
        }
      ]
    }
  },
  "resources": [
    {
      "module": "module.permissions",
      "mode": "managed",
      "type": "databricks_grants",
      "name": "catalog",
      "provider": "provider[\"registry.terraform.io/databricks/databricks\"]",
      "instances": [
        {
          "schema_version": 0,
          "attributes": {
            "catalog": "ecommerce",
            "credential": null,
            "external_location": null,
            "foreign_connection": null,
            "function": null,
            "grant": [
              {
                "principal": "account users",
                "privileges": [
                  "USE CATALOG"
                ]
              }
            ],
            "id": "catalog/ecommerce",
            "mcp_service": null,
            "metastore": null,
            "model": null,
            "model_provider_service": null,
            "model_service": null,
            "pipeline": null,
            "provider_config": [
              {
                "workspace_id": "7474650144237763"
              }
            ],
            "recipient": null,
            "schema": null,
            "secret": null,
            "share": null,
            "storage_credential": null,
            "table": null,
            "volume": null
          },
          "sensitive_attributes": [],
          "identity_schema_version": 0,
          "private": "bnVsbA==",
          "dependencies": [
            "module.schema.databricks_schema.this",
            "module.volume.databricks_volume.this"
          ]
        }
      ]
    },
    {
      "module": "module.permissions",
      "mode": "managed",
      "type": "databricks_grants",
      "name": "schemas",
      "provider": "provider[\"registry.terraform.io/databricks/databricks\"]",
      "instances": [
        {
          "index_key": "bronze",
          "schema_version": 0,
          "attributes": {
            "catalog": null,
            "credential": null,
            "external_location": null,
            "foreign_connection": null,
            "function": null,
            "grant": [
              {
                "principal": "account users",
                "privileges": [
                  "USE SCHEMA"
                ]
              }
            ],
            "id": "schema/ecommerce.bronze",
            "mcp_service": null,
            "metastore": null,
            "model": null,
            "model_provider_service": null,
            "model_service": null,
            "pipeline": null,
            "provider_config": [
              {
                "workspace_id": "7474650144237763"
              }
            ],
            "recipient": null,
            "schema": "ecommerce.bronze",
            "secret": null,
            "share": null,
            "storage_credential": null,
            "table": null,
            "volume": null
          },
          "sensitive_attributes": [],
          "identity_schema_version": 0,
          "private": "bnVsbA==",
          "dependencies": [
            "module.schema.databricks_schema.this",
            "module.volume.databricks_volume.this"
          ]
        },
        {
          "index_key": "gold",
          "schema_version": 0,
          "attributes": {
            "catalog": null,
            "credential": null,
            "external_location": null,
            "foreign_connection": null,
            "function": null,
            "grant": [
              {
                "principal": "account users",
                "privileges": [
                  "USE SCHEMA"
                ]
              }
            ],
            "id": "schema/ecommerce.gold",
            "mcp_service": null,
            "metastore": null,
            "model": null,
            "model_provider_service": null,
            "model_service": null,
            "pipeline": null,
            "provider_config": [
              {
                "workspace_id": "7474650144237763"
              }
            ],
            "recipient": null,
            "schema": "ecommerce.gold",
            "secret": null,
            "share": null,
            "storage_credential": null,
            "table": null,
            "volume": null
          },
          "sensitive_attributes": [],
          "identity_schema_version": 0,
          "private": "bnVsbA==",
          "dependencies": [
            "module.schema.databricks_schema.this",
            "module.volume.databricks_volume.this"
          ]
        },
        {
          "index_key": "silver",
          "schema_version": 0,
          "attributes": {
            "catalog": null,
            "credential": null,
            "external_location": null,
            "foreign_connection": null,
            "function": null,
            "grant": [
              {
                "principal": "account users",
                "privileges": [
                  "USE SCHEMA"
                ]
              }
            ],
            "id": "schema/ecommerce.silver",
            "mcp_service": null,
            "metastore": null,
            "model": null,
            "model_provider_service": null,
            "model_service": null,
            "pipeline": null,
            "provider_config": [
              {
                "workspace_id": "7474650144237763"
              }
            ],
            "recipient": null,
            "schema": "ecommerce.silver",
            "secret": null,
            "share": null,
            "storage_credential": null,
            "table": null,
            "volume": null
          },
          "sensitive_attributes": [],
          "identity_schema_version": 0,
          "private": "bnVsbA==",
          "dependencies": [
            "module.schema.databricks_schema.this",
            "module.volume.databricks_volume.this"
          ]
        }
      ]
    },
    {
      "module": "module.permissions",
      "mode": "managed",
      "type": "databricks_grants",
      "name": "volume",
      "provider": "provider[\"registry.terraform.io/databricks/databricks\"]",
      "instances": [
        {
          "schema_version": 0,
          "attributes": {
            "catalog": null,
            "credential": null,
            "external_location": null,
            "foreign_connection": null,
            "function": null,
            "grant": [
              {
                "principal": "account users",
                "privileges": [
                  "READ VOLUME",
                  "WRITE VOLUME"
                ]
              }
            ],
            "id": "volume/ecommerce.bronze.raw_data",
            "mcp_service": null,
            "metastore": null,
            "model": null,
            "model_provider_service": null,
            "model_service": null,
            "pipeline": null,
            "provider_config": [
              {
                "workspace_id": "7474650144237763"
              }
            ],
            "recipient": null,
            "schema": null,
            "secret": null,
            "share": null,
            "storage_credential": null,
            "table": null,
            "volume": "ecommerce.bronze.raw_data"
          },
          "sensitive_attributes": [],
          "identity_schema_version": 0,
          "private": "bnVsbA==",
          "dependencies": [
            "module.schema.databricks_schema.this",
            "module.volume.databricks_volume.this"
          ]
        }
      ]
    },
    {
      "module": "module.schema[\"bronze\"]",
      "mode": "managed",
      "type": "databricks_schema",
      "name": "this",
      "provider": "provider[\"registry.terraform.io/databricks/databricks\"]",
      "instances": [
        {
          "schema_version": 0,
          "attributes": {
            "catalog_name": "ecommerce",
            "comment": "Raw landing layer containing source marketing and e-commerce data",
            "enable_predictive_optimization": "INHERIT",
            "force_destroy": false,
            "id": "ecommerce.bronze",
            "metastore_id": "478a32d1-b9d6-4595-8219-84aca2b59253",
            "name": "bronze",
            "owner": "shungubepearlzinhle@gmail.com",
            "properties": null,
            "provider_config": [
              {
                "workspace_id": "7474650144237763"
              }
            ],
            "schema_id": "0d1ba13c-414b-4325-8817-b6a40b488cb6",
            "storage_root": null
          },
          "sensitive_attributes": [],
          "identity_schema_version": 0,
          "private": "bnVsbA=="
        }
      ]
    },
    {
      "module": "module.schema[\"gold\"]",
      "mode": "managed",
      "type": "databricks_schema",
      "name": "this",
      "provider": "provider[\"registry.terraform.io/databricks/databricks\"]",
      "instances": [
        {
          "schema_version": 0,
          "attributes": {
            "catalog_name": "ecommerce",
            "comment": "Business-ready marketing and e-commerce analytics data",
            "enable_predictive_optimization": "INHERIT",
            "force_destroy": false,
            "id": "ecommerce.gold",
            "metastore_id": "478a32d1-b9d6-4595-8219-84aca2b59253",
            "name": "gold",
            "owner": "shungubepearlzinhle@gmail.com",
            "properties": null,
            "provider_config": [
              {
                "workspace_id": "7474650144237763"
              }
            ],
            "schema_id": "1e735f71-4b89-43e4-bcc2-6ee2f03e4f61",
            "storage_root": null
          },
          "sensitive_attributes": [],
          "identity_schema_version": 0,
          "private": "bnVsbA=="
        }
      ]
    },
    {
      "module": "module.schema[\"silver\"]",
      "mode": "managed",
      "type": "databricks_schema",
      "name": "this",
      "provider": "provider[\"registry.terraform.io/databricks/databricks\"]",
      "instances": [
        {
          "schema_version": 0,
          "attributes": {
            "catalog_name": "ecommerce",
            "comment": "Cleaned and standardized marketing and e-commerce data",
            "enable_predictive_optimization": "INHERIT",
            "force_destroy": false,
            "id": "ecommerce.silver",
            "metastore_id": "478a32d1-b9d6-4595-8219-84aca2b59253",
            "name": "silver",
            "owner": "shungubepearlzinhle@gmail.com",
            "properties": null,
            "provider_config": [
              {
                "workspace_id": "7474650144237763"
              }
            ],
            "schema_id": "67f753e8-7d82-4275-a654-aea481baf06a",
            "storage_root": null
          },
          "sensitive_attributes": [],
          "identity_schema_version": 0,
          "private": "bnVsbA=="
        }
      ]
    },
    {
      "module": "module.volume",
      "mode": "managed",
      "type": "databricks_volume",
      "name": "this",
      "provider": "provider[\"registry.terraform.io/databricks/databricks\"]",
      "instances": [
        {
          "schema_version": 0,
          "attributes": {
            "catalog_name": "ecommerce",
            "comment": "Managed volume containing the five raw marketing and e-commerce CSV datasets",
            "id": "ecommerce.bronze.raw_data",
            "name": "raw_data",
            "owner": "shungubepearlzinhle@gmail.com",
            "provider_config": [
              {
                "workspace_id": "7474650144237763"
              }
            ],
            "schema_name": "bronze",
            "storage_location": "s3://dbstorage-prod-jk7dh/uc/5726469b-997f-40b7-84a7-29956de5b178/478a32d1-b9d6-4595-8219-84aca2b59253/__unitystorage/catalogs/91c467d0-2c5f-445d-938c-2d2656213b8d/volumes/d022f830-44ab-4e72-9cf5-c1540f6251cb",
            "volume_path": "/Volumes/ecommerce/bronze/raw_data",
            "volume_type": "MANAGED"
          },
          "sensitive_attributes": [],
          "identity_schema_version": 0,
          "private": "bnVsbA==",
          "dependencies": [
            "module.schema.databricks_schema.this"
          ]
        }
      ]
    }
  ],
  "check_results": null
}
