{
  "version": 4,
  "terraform_version": "1.15.5",
  "serial": 40,
  "lineage": "442f6642-6b22-5620-4b29-9dcd95530d95",
  "outputs": {},
  "resources": [
    {
      "module": "module.schema[\"gold\"]",
      "mode": "managed",
      "type": "databricks_schema",
      "name": "this",
      "provider": "provider[\"registry.terraform.io/databricks/databricks\"]",
      "instances": [
        {
          "schema_version": 0,
          "attributes": {
            "catalog_name": "ecommerce",
            "comment": "Business-ready marketing and e-commerce analytics data",
            "enable_predictive_optimization": "INHERIT",
            "force_destroy": false,
            "id": "ecommerce.gold",
            "metastore_id": "478a32d1-b9d6-4595-8219-84aca2b59253",
            "name": "gold",
            "owner": "shungubepearlzinhle@gmail.com",
            "properties": null,
            "provider_config": [
              {
                "workspace_id": "7474650144237763"
              }
            ],
            "schema_id": "1e735f71-4b89-43e4-bcc2-6ee2f03e4f61",
            "storage_root": null
          },
          "sensitive_attributes": [],
          "identity_schema_version": 0,
          "private": "bnVsbA=="
        }
      ]
    },
    {
      "module": "module.schema[\"silver\"]",
      "mode": "managed",
      "type": "databricks_schema",
      "name": "this",
      "provider": "provider[\"registry.terraform.io/databricks/databricks\"]",
      "instances": [
        {
          "schema_version": 0,
          "attributes": {
            "catalog_name": "ecommerce",
            "comment": "Cleaned and standardized marketing and e-commerce data",
            "enable_predictive_optimization": "INHERIT",
            "force_destroy": false,
            "id": "ecommerce.silver",
            "metastore_id": "478a32d1-b9d6-4595-8219-84aca2b59253",
            "name": "silver",
            "owner": "shungubepearlzinhle@gmail.com",
            "properties": null,
            "provider_config": [
              {
                "workspace_id": "7474650144237763"
              }
            ],
            "schema_id": "67f753e8-7d82-4275-a654-aea481baf06a",
            "storage_root": null
          },
          "sensitive_attributes": [],
          "identity_schema_version": 0,
          "private": "bnVsbA=="
        }
      ]
    }
  ],
  "check_results": null
}
